// !$*UTF8*$!
{
	archiveVersion = 1;
	classes = {
	};
	objectVersion = 56;
	objects = {

/* Begin PBXBuildFile section */
		51A907E42BFCFEE80029B1AE /* UserModel.swift in Sources */ = {isa = PBXBuildFile; fileRef = 51A907E32BFCFEE80029B1AE /* UserModel.swift */; };
		51B065F32BFC72A200B70A45 /* GoogleService-Info.plist in Resources */ = {isa = PBXBuildFile; fileRef = 51B065E72BFC72A100B70A45 /* GoogleService-Info.plist */; };
		51B065F52BFC72A200B70A45 /* ForgotPasswordVC.swift in Sources */ = {isa = PBXBuildFile; fileRef = 51B065E92BFC72A100B70A45 /* ForgotPasswordVC.swift */; };
		51B065F62BFC72A200B70A45 /* HomeVC.swift in Sources */ = {isa = PBXBuildFile; fileRef = 51B065EA2BFC72A100B70A45 /* HomeVC.swift */; };
		51B065F72BFC72A200B70A45 /* LoginVC.swift in Sources */ = {isa = PBXBuildFile; fileRef = 51B065EB2BFC72A100B70A45 /* LoginVC.swift */; };
		51B065F82BFC72A200B70A45 /* FireStoreManager.swift in Sources */ = {isa = PBXBuildFile; fileRef = 51B065EC2BFC72A100B70A45 /* FireStoreManager.swift */; };
		51B065FA2BFC72A200B70A45 /* SignupVC.swift in Sources */ = {isa = PBXBuildFile; fileRef = 51B065EE2BFC72A200B70A45 /* SignupVC.swift */; };
		51B065FB2BFC72A200B70A45 /* Extensions.swift in Sources */ = {isa = PBXBuildFile; fileRef = 51B065EF2BFC72A200B70A45 /* Extensions.swift */; };
		51B065FC2BFC72A200B70A45 /* UserDefaultsManager.swift in Sources */ = {isa = PBXBuildFile; fileRef = 51B065F02BFC72A200B70A45 /* UserDefaultsManager.swift */; };
		51B065FD2BFC72A200B70A45 /* initialVC.swift in Sources */ = {isa = PBXBuildFile; fileRef = 51B065F12BFC72A200B70A45 /* initialVC.swift */; };
		51E734402BFC70CE000A4A8D /* Lottie in Frameworks */ = {isa = PBXBuildFile; productRef = 51E7343F2BFC70CE000A4A8D /* Lottie */; };
		51E734432BFC7145000A4A8D /* FirebaseAnalytics in Frameworks */ = {isa = PBXBuildFile; productRef = 51E734422BFC7145000A4A8D /* FirebaseAnalytics */; };
		51E734452BFC7145000A4A8D /* FirebaseAnalyticsOnDeviceConversion in Frameworks */ = {isa = PBXBuildFile; productRef = 51E734442BFC7145000A4A8D /* FirebaseAnalyticsOnDeviceConversion */; };
		51E734472BFC7145000A4A8D /* FirebaseAnalyticsSwift in Frameworks */ = {isa = PBXBuildFile; productRef = 51E734462BFC7145000A4A8D /* FirebaseAnalyticsSwift */; };
		51E734492BFC7145000A4A8D /* FirebaseAnalyticsWithoutAdIdSupport in Frameworks */ = {isa = PBXBuildFile; productRef = 51E734482BFC7145000A4A8D /* FirebaseAnalyticsWithoutAdIdSupport */; };
		51E7344B2BFC7145000A4A8D /* FirebaseAppCheck in Frameworks */ = {isa = PBXBuildFile; productRef = 51E7344A2BFC7145000A4A8D /* FirebaseAppCheck */; };
		51E7344D2BFC7145000A4A8D /* FirebaseAppDistribution-Beta in Frameworks */ = {isa = PBXBuildFile; productRef = 51E7344C2BFC7145000A4A8D /* FirebaseAppDistribution-Beta */; };
		51E7344F2BFC7145000A4A8D /* FirebaseAuth in Frameworks */ = {isa = PBXBuildFile; productRef = 51E7344E2BFC7145000A4A8D /* FirebaseAuth */; };
		51E734512BFC7145000A4A8D /* FirebaseAuthCombine-Community in Frameworks */ = {isa = PBXBuildFile; productRef = 51E734502BFC7145000A4A8D /* FirebaseAuthCombine-Community */; };
		51E734532BFC7145000A4A8D /* FirebaseCrashlytics in Frameworks */ = {isa = PBXBuildFile; productRef = 51E734522BFC7145000A4A8D /* FirebaseCrashlytics */; };
		51E734552BFC7145000A4A8D /* FirebaseDatabase in Frameworks */ = {isa = PBXBuildFile; productRef = 51E734542BFC7145000A4A8D /* FirebaseDatabase */; };
		51E734572BFC7145000A4A8D /* FirebaseDatabaseSwift in Frameworks */ = {isa = PBXBuildFile; productRef = 51E734562BFC7145000A4A8D /* FirebaseDatabaseSwift */; };
		51E734592BFC7145000A4A8D /* FirebaseDynamicLinks in Frameworks */ = {isa = PBXBuildFile; productRef = 51E734582BFC7145000A4A8D /* FirebaseDynamicLinks */; };
		51E7345B2BFC7145000A4A8D /* FirebaseFirestore in Frameworks */ = {isa = PBXBuildFile; productRef = 51E7345A2BFC7145000A4A8D /* FirebaseFirestore */; };
		51E7345D2BFC7145000A4A8D /* FirebaseFirestoreCombine-Community in Frameworks */ = {isa = PBXBuildFile; productRef = 51E7345C2BFC7145000A4A8D /* FirebaseFirestoreCombine-Community */; };
		51E7345F2BFC7145000A4A8D /* FirebaseFirestoreSwift in Frameworks */ = {isa = PBXBuildFile; productRef = 51E7345E2BFC7145000A4A8D /* FirebaseFirestoreSwift */; };
		51E734612BFC7145000A4A8D /* FirebaseFunctions in Frameworks */ = {isa = PBXBuildFile; productRef = 51E734602BFC7145000A4A8D /* FirebaseFunctions */; };
		51E734632BFC7145000A4A8D /* FirebaseFunctionsCombine-Community in Frameworks */ = {isa = PBXBuildFile; productRef = 51E734622BFC7145000A4A8D /* FirebaseFunctionsCombine-Community */; };
		51E734652BFC7145000A4A8D /* FirebaseInAppMessaging-Beta in Frameworks */ = {isa = PBXBuildFile; productRef = 51E734642BFC7145000A4A8D /* FirebaseInAppMessaging-Beta */; };
		51E734672BFC7145000A4A8D /* FirebaseInAppMessagingSwift-Beta in Frameworks */ = {isa = PBXBuildFile; productRef = 51E734662BFC7145000A4A8D /* FirebaseInAppMessagingSwift-Beta */; };
		51E734692BFC7145000A4A8D /* FirebaseInstallations in Frameworks */ = {isa = PBXBuildFile; productRef = 51E734682BFC7145000A4A8D /* FirebaseInstallations */; };
		51E7346B2BFC7145000A4A8D /* FirebaseMLModelDownloader in Frameworks */ = {isa = PBXBuildFile; productRef = 51E7346A2BFC7145000A4A8D /* FirebaseMLModelDownloader */; };
		51E7346D2BFC7145000A4A8D /* FirebaseMessaging in Frameworks */ = {isa = PBXBuildFile; productRef = 51E7346C2BFC7145000A4A8D /* FirebaseMessaging */; };
		51E7346F2BFC7145000A4A8D /* FirebasePerformance in Frameworks */ = {isa = PBXBuildFile; productRef = 51E7346E2BFC7145000A4A8D /* FirebasePerformance */; };
		51E734712BFC7145000A4A8D /* FirebaseRemoteConfig in Frameworks */ = {isa = PBXBuildFile; productRef = 51E734702BFC7145000A4A8D /* FirebaseRemoteConfig */; };
		51E734732BFC7145000A4A8D /* FirebaseRemoteConfigSwift in Frameworks */ = {isa = PBXBuildFile; productRef = 51E734722BFC7145000A4A8D /* FirebaseRemoteConfigSwift */; };
		51E734752BFC7145000A4A8D /* FirebaseStorage in Frameworks */ = {isa = PBXBuildFile; productRef = 51E734742BFC7145000A4A8D /* FirebaseStorage */; };
		51E734772BFC7145000A4A8D /* FirebaseStorageCombine-Community in Frameworks */ = {isa = PBXBuildFile; productRef = 51E734762BFC7145000A4A8D /* FirebaseStorageCombine-Community */; };
		51E734792BFC7145000A4A8D /* FirebaseVertexAI-Preview in Frameworks */ = {isa = PBXBuildFile; productRef = 51E734782BFC7145000A4A8D /* FirebaseVertexAI-Preview */; };
		51EFD9692BFC4DFC00724766 /* AppDelegate.swift in Sources */ = {isa = PBXBuildFile; fileRef = 51EFD9682BFC4DFC00724766 /* AppDelegate.swift */; };
		51EFD96B2BFC4DFC00724766 /* SceneDelegate.swift in Sources */ = {isa = PBXBuildFile; fileRef = 51EFD96A2BFC4DFC00724766 /* SceneDelegate.swift */; };
		51EFD96D2BFC4DFC00724766 /* ViewController.swift in Sources */ = {isa = PBXBuildFile; fileRef = 51EFD96C2BFC4DFC00724766 /* ViewController.swift */; };
		51EFD9702BFC4DFC00724766 /* Base in Resources */ = {isa = PBXBuildFile; fileRef = 51EFD96F2BFC4DFC00724766 /* Base */; };
		51EFD9722BFC4DFD00724766 /* Assets.xcassets in Resources */ = {isa = PBXBuildFile; fileRef = 51EFD9712BFC4DFD00724766 /* Assets.xcassets */; };
		51EFD9802BFC4DFD00724766 /* Online_ExchangeTests.swift in Sources */ = {isa = PBXBuildFile; fileRef = 51EFD97F2BFC4DFD00724766 /* Online_ExchangeTests.swift */; };
		51EFD98A2BFC4DFD00724766 /* Online_ExchangeUITests.swift in Sources */ = {isa = PBXBuildFile; fileRef = 51EFD9892BFC4DFD00724766 /* Online_ExchangeUITests.swift */; };
		51EFD98C2BFC4DFD00724766 /* Online_ExchangeUITestsLaunchTests.swift in Sources */ = {isa = PBXBuildFile; fileRef = 51EFD98B2BFC4DFD00724766 /* Online_ExchangeUITestsLaunchTests.swift */; };
		A96CF3EC2C90F64900E691C2 /* MessageTVC.swift in Sources */ = {isa = PBXBuildFile; fileRef = A96CF3EB2C90F64900E691C2 /* MessageTVC.swift */; };
		A96CF3EE2C90F6BF00E691C2 /* SettingVC.swift in Sources */ = {isa = PBXBuildFile; fileRef = A96CF3ED2C90F6BF00E691C2 /* SettingVC.swift */; };
		A96CF3F02C90F75100E691C2 /* FavouriteVC.swift in Sources */ = {isa = PBXBuildFile; fileRef = A96CF3EF2C90F75100E691C2 /* FavouriteVC.swift */; };
		A96CF3F22C910CF800E691C2 /* FavuriteTableViewController.swift in Sources */ = {isa = PBXBuildFile; fileRef = A96CF3F12C910CF800E691C2 /* FavuriteTableViewController.swift */; };
/* End PBXBuildFile section */

/* Begin PBXContainerItemProxy section */
		51EFD97C2BFC4DFD00724766 /* PBXContainerItemProxy */ = {
			isa = PBXContainerItemProxy;
			containerPortal = 51EFD95D2BFC4DFC00724766 /* Project object */;
			proxyType = 1;
			remoteGlobalIDString = 51EFD9642BFC4DFC00724766;
			remoteInfo = "Online Exchange";
		};
		51EFD9862BFC4DFD00724766 /* PBXContainerItemProxy */ = {
			isa = PBXContainerItemProxy;
			containerPortal = 51EFD95D2BFC4DFC00724766 /* Project object */;
			proxyType = 1;
			remoteGlobalIDString = 51EFD9642BFC4DFC00724766;
			remoteInfo = "Online Exchange";
		};
/* End PBXContainerItemProxy section */

/* Begin PBXFileReference section */
		51A907E32BFCFEE80029B1AE /* UserModel.swift */ = {isa = PBXFileReference; fileEncoding = 4; lastKnownFileType = sourcecode.swift; path = UserModel.swift; sourceTree = "<group>"; };
		51B065E72BFC72A100B70A45 /* GoogleService-Info.plist */ = {isa = PBXFileReference; fileEncoding = 4; lastKnownFileType = text.plist.xml; path = "GoogleService-Info.plist"; sourceTree = "<group>"; };
		51B065E92BFC72A100B70A45 /* ForgotPasswordVC.swift */ = {isa = PBXFileReference; fileEncoding = 4; lastKnownFileType = sourcecode.swift; path = ForgotPasswordVC.swift; sourceTree = "<group>"; };
		51B065EA2BFC72A100B70A45 /* HomeVC.swift */ = {isa = PBXFileReference; fileEncoding = 4; lastKnownFileType = sourcecode.swift; path = HomeVC.swift; sourceTree = "<group>"; };
		51B065EB2BFC72A100B70A45 /* LoginVC.swift */ = {isa = PBXFileReference; fileEncoding = 4; lastKnownFileType = sourcecode.swift; path = LoginVC.swift; sourceTree = "<group>"; };
		51B065EC2BFC72A100B70A45 /* FireStoreManager.swift */ = {isa = PBXFileReference; fileEncoding = 4; lastKnownFileType = sourcecode.swift; path = FireStoreManager.swift; sourceTree = "<group>"; };
		51B065EE2BFC72A200B70A45 /* SignupVC.swift */ = {isa = PBXFileReference; fileEncoding = 4; lastKnownFileType = sourcecode.swift; path = SignupVC.swift; sourceTree = "<group>"; };
		51B065EF2BFC72A200B70A45 /* Extensions.swift */ = {isa = PBXFileReference; fileEncoding = 4; lastKnownFileType = sourcecode.swift; path = Extensions.swift; sourceTree = "<group>"; };
		51B065F02BFC72A200B70A45 /* UserDefaultsManager.swift */ = {isa = PBXFileReference; fileEncoding = 4; lastKnownFileType = sourcecode.swift; path = UserDefaultsManager.swift; sourceTree = "<group>"; };
		51B065F12BFC72A200B70A45 /* initialVC.swift */ = {isa = PBXFileReference; fileEncoding = 4; lastKnownFileType = sourcecode.swift; path = initialVC.swift; sourceTree = "<group>"; };
		51EFD9652BFC4DFC00724766 /* Online Exchange.app */ = {isa = PBXFileReference; explicitFileType = wrapper.application; includeInIndex = 0; path = "Online Exchange.app"; sourceTree = BUILT_PRODUCTS_DIR; };
		51EFD9682BFC4DFC00724766 /* AppDelegate.swift */ = {isa = PBXFileReference; lastKnownFileType = sourcecode.swift; path = AppDelegate.swift; sourceTree = "<group>"; };
		51EFD96A2BFC4DFC00724766 /* SceneDelegate.swift */ = {isa = PBXFileReference; lastKnownFileType = sourcecode.swift; path = SceneDelegate.swift; sourceTree = "<group>"; };
		51EFD96C2BFC4DFC00724766 /* ViewController.swift */ = {isa = PBXFileReference; lastKnownFileType = sourcecode.swift; path = ViewController.swift; sourceTree = "<group>"; };
		51EFD96F2BFC4DFC00724766 /* Base */ = {isa = PBXFileReference; lastKnownFileType = file.storyboard; name = Base; path = Base.lproj/Main.storyboard; sourceTree = "<group>"; };
		51EFD9712BFC4DFD00724766 /* Assets.xcassets */ = {isa = PBXFileReference; lastKnownFileType = folder.assetcatalog; path = Assets.xcassets; sourceTree = "<group>"; };
		51EFD9762BFC4DFD00724766 /* Info.plist */ = {isa = PBXFileReference; lastKnownFileType = text.plist.xml; path = Info.plist; sourceTree = "<group>"; };
		51EFD97B2BFC4DFD00724766 /* Online ExchangeTests.xctest */ = {isa = PBXFileReference; explicitFileType = wrapper.cfbundle; includeInIndex = 0; path = "Online ExchangeTests.xctest"; sourceTree = BUILT_PRODUCTS_DIR; };
		51EFD97F2BFC4DFD00724766 /* Online_ExchangeTests.swift */ = {isa = PBXFileReference; lastKnownFileType = sourcecode.swift; path = Online_ExchangeTests.swift; sourceTree = "<group>"; };
		51EFD9852BFC4DFD00724766 /* Online ExchangeUITests.xctest */ = {isa = PBXFileReference; explicitFileType = wrapper.cfbundle; includeInIndex = 0; path = "Online ExchangeUITests.xctest"; sourceTree = BUILT_PRODUCTS_DIR; };
		51EFD9892BFC4DFD00724766 /* Online_ExchangeUITests.swift */ = {isa = PBXFileReference; lastKnownFileType = sourcecode.swift; path = Online_ExchangeUITests.swift; sourceTree = "<group>"; };
		51EFD98B2BFC4DFD00724766 /* Online_ExchangeUITestsLaunchTests.swift */ = {isa = PBXFileReference; lastKnownFileType = sourcecode.swift; path = Online_ExchangeUITestsLaunchTests.swift; sourceTree = "<group>"; };
		A96CF3EB2C90F64900E691C2 /* MessageTVC.swift */ = {isa = PBXFileReference; lastKnownFileType = sourcecode.swift; path = MessageTVC.swift; sourceTree = "<group>"; };
		A96CF3ED2C90F6BF00E691C2 /* SettingVC.swift */ = {isa = PBXFileReference; lastKnownFileType = sourcecode.swift; path = SettingVC.swift; sourceTree = "<group>"; };
		A96CF3EF2C90F75100E691C2 /* FavouriteVC.swift */ = {isa = PBXFileReference; lastKnownFileType = sourcecode.swift; path = FavouriteVC.swift; sourceTree = "<group>"; };
		A96CF3F12C910CF800E691C2 /* FavuriteTableViewController.swift */ = {isa = PBXFileReference; lastKnownFileType = sourcecode.swift; path = FavuriteTableViewController.swift; sourceTree = "<group>"; };
/* End PBXFileReference section */

/* Begin PBXFrameworksBuildPhase section */
		51EFD9622BFC4DFC00724766 /* Frameworks */ = {
			isa = PBXFrameworksBuildPhase;
			buildActionMask = 2147483647;
			files = (
				51E734612BFC7145000A4A8D /* FirebaseFunctions in Frameworks */,
				51E734572BFC7145000A4A8D /* FirebaseDatabaseSwift in Frameworks */,
				51E734792BFC7145000A4A8D /* FirebaseVertexAI-Preview in Frameworks */,
				51E734672BFC7145000A4A8D /* FirebaseInAppMessagingSwift-Beta in Frameworks */,
				51E7346D2BFC7145000A4A8D /* FirebaseMessaging in Frameworks */,
				51E7344D2BFC7145000A4A8D /* FirebaseAppDistribution-Beta in Frameworks */,
				51E734512BFC7145000A4A8D /* FirebaseAuthCombine-Community in Frameworks */,
				51E7345D2BFC7145000A4A8D /* FirebaseFirestoreCombine-Community in Frameworks */,
				51E734472BFC7145000A4A8D /* FirebaseAnalyticsSwift in Frameworks */,
				51E7346B2BFC7145000A4A8D /* FirebaseMLModelDownloader in Frameworks */,
				51E734492BFC7145000A4A8D /* FirebaseAnalyticsWithoutAdIdSupport in Frameworks */,
				51E734432BFC7145000A4A8D /* FirebaseAnalytics in Frameworks */,
				51E7345F2BFC7145000A4A8D /* FirebaseFirestoreSwift in Frameworks */,
				51E734452BFC7145000A4A8D /* FirebaseAnalyticsOnDeviceConversion in Frameworks */,
				51E7344B2BFC7145000A4A8D /* FirebaseAppCheck in Frameworks */,
				51E7346F2BFC7145000A4A8D /* FirebasePerformance in Frameworks */,
				51E734652BFC7145000A4A8D /* FirebaseInAppMessaging-Beta in Frameworks */,
				51E734632BFC7145000A4A8D /* FirebaseFunctionsCombine-Community in Frameworks */,
				51E734532BFC7145000A4A8D /* FirebaseCrashlytics in Frameworks */,
				51E734692BFC7145000A4A8D /* FirebaseInstallations in Frameworks */,
				51E734712BFC7145000A4A8D /* FirebaseRemoteConfig in Frameworks */,
				51E734752BFC7145000A4A8D /* FirebaseStorage in Frameworks */,
				51E734552BFC7145000A4A8D /* FirebaseDatabase in Frameworks */,
				51E734772BFC7145000A4A8D /* FirebaseStorageCombine-Community in Frameworks */,
				51E734402BFC70CE000A4A8D /* Lottie in Frameworks */,
				51E7344F2BFC7145000A4A8D /* FirebaseAuth in Frameworks */,
				51E734592BFC7145000A4A8D /* FirebaseDynamicLinks in Frameworks */,
				51E7345B2BFC7145000A4A8D /* FirebaseFirestore in Frameworks */,
				51E734732BFC7145000A4A8D /* FirebaseRemoteConfigSwift in Frameworks */,
			);
			runOnlyForDeploymentPostprocessing = 0;
		};
		51EFD9782BFC4DFD00724766 /* Frameworks */ = {
			isa = PBXFrameworksBuildPhase;
			buildActionMask = 2147483647;
			files = (
			);
			runOnlyForDeploymentPostprocessing = 0;
		};
		51EFD9822BFC4DFD00724766 /* Frameworks */ = {
			isa = PBXFrameworksBuildPhase;
			buildActionMask = 2147483647;
			files = (
			);
			runOnlyForDeploymentPostprocessing = 0;
		};
/* End PBXFrameworksBuildPhase section */

/* Begin PBXGroup section */
		51EFD95C2BFC4DFC00724766 = {
			isa = PBXGroup;
			children = (
				51EFD9672BFC4DFC00724766 /* Online Exchange */,
				51EFD97E2BFC4DFD00724766 /* Online ExchangeTests */,
				51EFD9882BFC4DFD00724766 /* Online ExchangeUITests */,
				51EFD9662BFC4DFC00724766 /* Products */,
			);
			sourceTree = "<group>";
		};
		51EFD9662BFC4DFC00724766 /* Products */ = {
			isa = PBXGroup;
			children = (
				51EFD9652BFC4DFC00724766 /* Online Exchange.app */,
				51EFD97B2BFC4DFD00724766 /* Online ExchangeTests.xctest */,
				51EFD9852BFC4DFD00724766 /* Online ExchangeUITests.xctest */,
			);
			name = Products;
			sourceTree = "<group>";
		};
		51EFD9672BFC4DFC00724766 /* Online Exchange */ = {
			isa = PBXGroup;
			children = (
				51EFD9682BFC4DFC00724766 /* AppDelegate.swift */,
				51EFD96A2BFC4DFC00724766 /* SceneDelegate.swift */,
				51B065EE2BFC72A200B70A45 /* SignupVC.swift */,
				51B065F02BFC72A200B70A45 /* UserDefaultsManager.swift */,
				51EFD96C2BFC4DFC00724766 /* ViewController.swift */,
				51EFD96E2BFC4DFC00724766 /* Main.storyboard */,
				A96CF3EF2C90F75100E691C2 /* FavouriteVC.swift */,
				A96CF3F12C910CF800E691C2 /* FavuriteTableViewController.swift */,
				A96CF3ED2C90F6BF00E691C2 /* SettingVC.swift */,
				A96CF3EB2C90F64900E691C2 /* MessageTVC.swift */,
				51EFD9712BFC4DFD00724766 /* Assets.xcassets */,
				51B065EF2BFC72A200B70A45 /* Extensions.swift */,
				51B065EC2BFC72A100B70A45 /* FireStoreManager.swift */,
				51A907E32BFCFEE80029B1AE /* UserModel.swift */,
				51B065E92BFC72A100B70A45 /* ForgotPasswordVC.swift */,
				51B065EA2BFC72A100B70A45 /* HomeVC.swift */,
				51B065F12BFC72A200B70A45 /* initialVC.swift */,
				51B065EB2BFC72A100B70A45 /* LoginVC.swift */,
				51EFD9762BFC4DFD00724766 /* Info.plist */,
				51B065E72BFC72A100B70A45 /* GoogleService-Info.plist */,
			);
			path = "Online Exchange";
			sourceTree = "<group>";
		};
		51EFD97E2BFC4DFD00724766 /* Online ExchangeTests */ = {
			isa = PBXGroup;
			children = (
				51EFD97F2BFC4DFD00724766 /* Online_ExchangeTests.swift */,
			);
			path = "Online ExchangeTests";
			sourceTree = "<group>";
		};
		51EFD9882BFC4DFD00724766 /* Online ExchangeUITests */ = {
			isa = PBXGroup;
			children = (
				51EFD9892BFC4DFD00724766 /* Online_ExchangeUITests.swift */,
				51EFD98B2BFC4DFD00724766 /* Online_ExchangeUITestsLaunchTests.swift */,
			);
			path = "Online ExchangeUITests";
			sourceTree = "<group>";
		};
/* End PBXGroup section */

/* Begin PBXNativeTarget section */
		51EFD9642BFC4DFC00724766 /* Online Exchange */ = {
			isa = PBXNativeTarget;
			buildConfigurationList = 51EFD98F2BFC4DFD00724766 /* Build configuration list for PBXNativeTarget "Online Exchange" */;
			buildPhases = (
				51EFD9612BFC4DFC00724766 /* Sources */,
				51EFD9622BFC4DFC00724766 /* Frameworks */,
				51EFD9632BFC4DFC00724766 /* Resources */,
			);
			buildRules = (
			);
			dependencies = (
			);
			name = "Online Exchange";
			packageProductDependencies = (
				51E7343F2BFC70CE000A4A8D /* Lottie */,
				51E734422BFC7145000A4A8D /* FirebaseAnalytics */,
				51E734442BFC7145000A4A8D /* FirebaseAnalyticsOnDeviceConversion */,
				51E734462BFC7145000A4A8D /* FirebaseAnalyticsSwift */,
				51E734482BFC7145000A4A8D /* FirebaseAnalyticsWithoutAdIdSupport */,
				51E7344A2BFC7145000A4A8D /* FirebaseAppCheck */,
				51E7344C2BFC7145000A4A8D /* FirebaseAppDistribution-Beta */,
				51E7344E2BFC7145000A4A8D /* FirebaseAuth */,
				51E734502BFC7145000A4A8D /* FirebaseAuthCombine-Community */,
				51E734522BFC7145000A4A8D /* FirebaseCrashlytics */,
				51E734542BFC7145000A4A8D /* FirebaseDatabase */,
				51E734562BFC7145000A4A8D /* FirebaseDatabaseSwift */,
				51E734582BFC7145000A4A8D /* FirebaseDynamicLinks */,
				51E7345A2BFC7145000A4A8D /* FirebaseFirestore */,
				51E7345C2BFC7145000A4A8D /* FirebaseFirestoreCombine-Community */,
				51E7345E2BFC7145000A4A8D /* FirebaseFirestoreSwift */,
				51E734602BFC7145000A4A8D /* FirebaseFunctions */,
				51E734622BFC7145000A4A8D /* FirebaseFunctionsCombine-Community */,
				51E734642BFC7145000A4A8D /* FirebaseInAppMessaging-Beta */,
				51E734662BFC7145000A4A8D /* FirebaseInAppMessagingSwift-Beta */,
				51E734682BFC7145000A4A8D /* FirebaseInstallations */,
				51E7346A2BFC7145000A4A8D /* FirebaseMLModelDownloader */,
				51E7346C2BFC7145000A4A8D /* FirebaseMessaging */,
				51E7346E2BFC7145000A4A8D /* FirebasePerformance */,
				51E734702BFC7145000A4A8D /* FirebaseRemoteConfig */,
				51E734722BFC7145000A4A8D /* FirebaseRemoteConfigSwift */,
				51E734742BFC7145000A4A8D /* FirebaseStorage */,
				51E734762BFC7145000A4A8D /* FirebaseStorageCombine-Community */,
				51E734782BFC7145000A4A8D /* FirebaseVertexAI-Preview */,
			);
			productName = "Online Exchange";
			productReference = 51EFD9652BFC4DFC00724766 /* Online Exchange.app */;
			productType = "com.apple.product-type.application";
		};
		51EFD97A2BFC4DFD00724766 /* Online ExchangeTests */ = {
			isa = PBXNativeTarget;
			buildConfigurationList = 51EFD9922BFC4DFD00724766 /* Build configuration list for PBXNativeTarget "Online ExchangeTests" */;
			buildPhases = (
				51EFD9772BFC4DFD00724766 /* Sources */,
				51EFD9782BFC4DFD00724766 /* Frameworks */,
				51EFD9792BFC4DFD00724766 /* Resources */,
			);
			buildRules = (
			);
			dependencies = (
				51EFD97D2BFC4DFD00724766 /* PBXTargetDependency */,
			);
			name = "Online ExchangeTests";
			productName = "Online ExchangeTests";
			productReference = 51EFD97B2BFC4DFD00724766 /* Online ExchangeTests.xctest */;
			productType = "com.apple.product-type.bundle.unit-test";
		};
		51EFD9842BFC4DFD00724766 /* Online ExchangeUITests */ = {
			isa = PBXNativeTarget;
			buildConfigurationList = 51EFD9952BFC4DFD00724766 /* Build configuration list for PBXNativeTarget "Online ExchangeUITests" */;
			buildPhases = (
				51EFD9812BFC4DFD00724766 /* Sources */,
				51EFD9822BFC4DFD00724766 /* Frameworks */,
				51EFD9832BFC4DFD00724766 /* Resources */,
			);
			buildRules = (
			);
			dependencies = (
				51EFD9872BFC4DFD00724766 /* PBXTargetDependency */,
			);
			name = "Online ExchangeUITests";
			productName = "Online ExchangeUITests";
			productReference = 51EFD9852BFC4DFD00724766 /* Online ExchangeUITests.xctest */;
			productType = "com.apple.product-type.bundle.ui-testing";
		};
/* End PBXNativeTarget section */

/* Begin PBXProject section */
		51EFD95D2BFC4DFC00724766 /* Project object */ = {
			isa = PBXProject;
			attributes = {
				BuildIndependentTargetsInParallel = 1;
				LastSwiftUpdateCheck = 1540;
				LastUpgradeCheck = 1540;
				TargetAttributes = {
					51EFD9642BFC4DFC00724766 = {
						CreatedOnToolsVersion = 15.4;
					};
					51EFD97A2BFC4DFD00724766 = {
						CreatedOnToolsVersion = 15.4;
						TestTargetID = 51EFD9642BFC4DFC00724766;
					};
					51EFD9842BFC4DFD00724766 = {
						CreatedOnToolsVersion = 15.4;
						TestTargetID = 51EFD9642BFC4DFC00724766;
					};
				};
			};
			buildConfigurationList = 51EFD9602BFC4DFC00724766 /* Build configuration list for PBXProject "Online Exchange" */;
			compatibilityVersion = "Xcode 14.0";
			developmentRegion = en;
			hasScannedForEncodings = 0;
			knownRegions = (
				en,
				Base,
			);
			mainGroup = 51EFD95C2BFC4DFC00724766;
			packageReferences = (
				51E7343E2BFC70CE000A4A8D /* XCRemoteSwiftPackageReference "lottie-ios" */,
				51E734412BFC7145000A4A8D /* XCRemoteSwiftPackageReference "firebase-ios-sdk" */,
			);
			productRefGroup = 51EFD9662BFC4DFC00724766 /* Products */;
			projectDirPath = "";
			projectRoot = "";
			targets = (
				51EFD9642BFC4DFC00724766 /* Online Exchange */,
				51EFD97A2BFC4DFD00724766 /* Online ExchangeTests */,
				51EFD9842BFC4DFD00724766 /* Online ExchangeUITests */,
			);
		};
/* End PBXProject section */

/* Begin PBXResourcesBuildPhase section */
		51EFD9632BFC4DFC00724766 /* Resources */ = {
			isa = PBXResourcesBuildPhase;
			buildActionMask = 2147483647;
			files = (
				51EFD9722BFC4DFD00724766 /* Assets.xcassets in Resources */,
				51B065F32BFC72A200B70A45 /* GoogleService-Info.plist in Resources */,
				51EFD9702BFC4DFC00724766 /* Base in Resources */,
			);
			runOnlyForDeploymentPostprocessing = 0;
		};
		51EFD9792BFC4DFD00724766 /* Resources */ = {
			isa = PBXResourcesBuildPhase;
			buildActionMask = 2147483647;
			files = (
			);
			runOnlyForDeploymentPostprocessing = 0;
		};
		51EFD9832BFC4DFD00724766 /* Resources */ = {
			isa = PBXResourcesBuildPhase;
			buildActionMask = 2147483647;
			files = (
			);
			runOnlyForDeploymentPostprocessing = 0;
		};
/* End PBXResourcesBuildPhase section */

/* Begin PBXSourcesBuildPhase section */
		51EFD9612BFC4DFC00724766 /* Sources */ = {
			isa = PBXSourcesBuildPhase;
			buildActionMask = 2147483647;
			files = (
				51EFD96D2BFC4DFC00724766 /* ViewController.swift in Sources */,
				A96CF3EE2C90F6BF00E691C2 /* SettingVC.swift in Sources */,
				51B065FD2BFC72A200B70A45 /* initialVC.swift in Sources */,
				51B065F82BFC72A200B70A45 /* FireStoreManager.swift in Sources */,
				51B065F62BFC72A200B70A45 /* HomeVC.swift in Sources */,
				51B065FA2BFC72A200B70A45 /* SignupVC.swift in Sources */,
				51A907E42BFCFEE80029B1AE /* UserModel.swift in Sources */,
				51B065FC2BFC72A200B70A45 /* UserDefaultsManager.swift in Sources */,
				51B065F72BFC72A200B70A45 /* LoginVC.swift in Sources */,
				51B065FB2BFC72A200B70A45 /* Extensions.swift in Sources */,
				51EFD9692BFC4DFC00724766 /* AppDelegate.swift in Sources */,
				A96CF3F22C910CF800E691C2 /* FavuriteTableViewController.swift in Sources */,
				A96CF3F02C90F75100E691C2 /* FavouriteVC.swift in Sources */,
				A96CF3EC2C90F64900E691C2 /* MessageTVC.swift in Sources */,
				51B065F52BFC72A200B70A45 /* ForgotPasswordVC.swift in Sources */,
				51EFD96B2BFC4DFC00724766 /* SceneDelegate.swift in Sources */,
			);
			runOnlyForDeploymentPostprocessing = 0;
		};
		51EFD9772BFC4DFD00724766 /* Sources */ = {
			isa = PBXSourcesBuildPhase;
			buildActionMask = 2147483647;
			files = (
				51EFD9802BFC4DFD00724766 /* Online_ExchangeTests.swift in Sources */,
			);
			runOnlyForDeploymentPostprocessing = 0;
		};
		51EFD9812BFC4DFD00724766 /* Sources */ = {
			isa = PBXSourcesBuildPhase;
			buildActionMask = 2147483647;
			files = (
				51EFD98C2BFC4DFD00724766 /* Online_ExchangeUITestsLaunchTests.swift in Sources */,
				51EFD98A2BFC4DFD00724766 /* Online_ExchangeUITests.swift in Sources */,
			);
			runOnlyForDeploymentPostprocessing = 0;
		};
/* End PBXSourcesBuildPhase section */

/* Begin PBXTargetDependency section */
		51EFD97D2BFC4DFD00724766 /* PBXTargetDependency */ = {
			isa = PBXTargetDependency;
			target = 51EFD9642BFC4DFC00724766 /* Online Exchange */;
			targetProxy = 51EFD97C2BFC4DFD00724766 /* PBXContainerItemProxy */;
		};
		51EFD9872BFC4DFD00724766 /* PBXTargetDependency */ = {
			isa = PBXTargetDependency;
			target = 51EFD9642BFC4DFC00724766 /* Online Exchange */;
			targetProxy = 51EFD9862BFC4DFD00724766 /* PBXContainerItemProxy */;
		};
/* End PBXTargetDependency section */

/* Begin PBXVariantGroup section */
		51EFD96E2BFC4DFC00724766 /* Main.storyboard */ = {
			isa = PBXVariantGroup;
			children = (
				51EFD96F2BFC4DFC00724766 /* Base */,
			);
			name = Main.storyboard;
			sourceTree = "<group>";
		};
/* End PBXVariantGroup section */

/* Begin XCBuildConfiguration section */
		51EFD98D2BFC4DFD00724766 /* Debug */ = {
			isa = XCBuildConfiguration;
			buildSettings = {
				ALWAYS_SEARCH_USER_PATHS = NO;
				ASSETCATALOG_COMPILER_GENERATE_SWIFT_ASSET_SYMBOL_EXTENSIONS = YES;
				CLANG_ANALYZER_NONNULL = YES;
				CLANG_ANALYZER_NUMBER_OBJECT_CONVERSION = YES_AGGRESSIVE;
				CLANG_CXX_LANGUAGE_STANDARD = "gnu++20";
				CLANG_ENABLE_MODULES = YES;
				CLANG_ENABLE_OBJC_ARC = YES;
				CLANG_ENABLE_OBJC_WEAK = YES;
				CLANG_WARN_BLOCK_CAPTURE_AUTORELEASING = YES;
				CLANG_WARN_BOOL_CONVERSION = YES;
				CLANG_WARN_COMMA = YES;
				CLANG_WARN_CONSTANT_CONVERSION = YES;
				CLANG_WARN_DEPRECATED_OBJC_IMPLEMENTATIONS = YES;
				CLANG_WARN_DIRECT_OBJC_ISA_USAGE = YES_ERROR;
				CLANG_WARN_DOCUMENTATION_COMMENTS = YES;
				CLANG_WARN_EMPTY_BODY = YES;
				CLANG_WARN_ENUM_CONVERSION = YES;
				CLANG_WARN_INFINITE_RECURSION = YES;
				CLANG_WARN_INT_CONVERSION = YES;
				CLANG_WARN_NON_LITERAL_NULL_CONVERSION = YES;
				CLANG_WARN_OBJC_IMPLICIT_RETAIN_SELF = YES;
				CLANG_WARN_OBJC_LITERAL_CONVERSION = YES;
				CLANG_WARN_OBJC_ROOT_CLASS = YES_ERROR;
				CLANG_WARN_QUOTED_INCLUDE_IN_FRAMEWORK_HEADER = YES;
				CLANG_WARN_RANGE_LOOP_ANALYSIS = YES;
				CLANG_WARN_STRICT_PROTOTYPES = YES;
				CLANG_WARN_SUSPICIOUS_MOVE = YES;
				CLANG_WARN_UNGUARDED_AVAILABILITY = YES_AGGRESSIVE;
				CLANG_WARN_UNREACHABLE_CODE = YES;
				CLANG_WARN__DUPLICATE_METHOD_MATCH = YES;
				COPY_PHASE_STRIP = NO;
				DEBUG_INFORMATION_FORMAT = dwarf;
				ENABLE_STRICT_OBJC_MSGSEND = YES;
				ENABLE_TESTABILITY = YES;
				ENABLE_USER_SCRIPT_SANDBOXING = YES;
				GCC_C_LANGUAGE_STANDARD = gnu17;
				GCC_DYNAMIC_NO_PIC = NO;
				GCC_NO_COMMON_BLOCKS = YES;
				GCC_OPTIMIZATION_LEVEL = 0;
				GCC_PREPROCESSOR_DEFINITIONS = (
					"DEBUG=1",
					"$(inherited)",
				);
				GCC_WARN_64_TO_32_BIT_CONVERSION = YES;
				GCC_WARN_ABOUT_RETURN_TYPE = YES_ERROR;
				GCC_WARN_UNDECLARED_SELECTOR = YES;
				GCC_WARN_UNINITIALIZED_AUTOS = YES_AGGRESSIVE;
				GCC_WARN_UNUSED_FUNCTION = YES;
				GCC_WARN_UNUSED_VARIABLE = YES;
				IPHONEOS_DEPLOYMENT_TARGET = 17.5;
				LOCALIZATION_PREFERS_STRING_CATALOGS = YES;
				MTL_ENABLE_DEBUG_INFO = INCLUDE_SOURCE;
				MTL_FAST_MATH = YES;
				ONLY_ACTIVE_ARCH = YES;
				SDKROOT = iphoneos;
				SWIFT_ACTIVE_COMPILATION_CONDITIONS = "DEBUG $(inherited)";
				SWIFT_OPTIMIZATION_LEVEL = "-Onone";
			};
			name = Debug;
		};
		51EFD98E2BFC4DFD00724766 /* Release */ = {
			isa = XCBuildConfiguration;
			buildSettings = {
				ALWAYS_SEARCH_USER_PATHS = NO;
				ASSETCATALOG_COMPILER_GENERATE_SWIFT_ASSET_SYMBOL_EXTENSIONS = YES;
				CLANG_ANALYZER_NONNULL = YES;
				CLANG_ANALYZER_NUMBER_OBJECT_CONVERSION = YES_AGGRESSIVE;
				CLANG_CXX_LANGUAGE_STANDARD = "gnu++20";
				CLANG_ENABLE_MODULES = YES;
				CLANG_ENABLE_OBJC_ARC = YES;
				CLANG_ENABLE_OBJC_WEAK = YES;
				CLANG_WARN_BLOCK_CAPTURE_AUTORELEASING = YES;
				CLANG_WARN_BOOL_CONVERSION = YES;
				CLANG_WARN_COMMA = YES;
				CLANG_WARN_CONSTANT_CONVERSION = YES;
				CLANG_WARN_DEPRECATED_OBJC_IMPLEMENTATIONS = YES;
				CLANG_WARN_DIRECT_OBJC_ISA_USAGE = YES_ERROR;
				CLANG_WARN_DOCUMENTATION_COMMENTS = YES;
				CLANG_WARN_EMPTY_BODY = YES;
				CLANG_WARN_ENUM_CONVERSION = YES;
				CLANG_WARN_INFINITE_RECURSION = YES;
				CLANG_WARN_INT_CONVERSION = YES;
				CLANG_WARN_NON_LITERAL_NULL_CONVERSION = YES;
				CLANG_WARN_OBJC_IMPLICIT_RETAIN_SELF = YES;
				CLANG_WARN_OBJC_LITERAL_CONVERSION = YES;
				CLANG_WARN_OBJC_ROOT_CLASS = YES_ERROR;
				CLANG_WARN_QUOTED_INCLUDE_IN_FRAMEWORK_HEADER = YES;
				CLANG_WARN_RANGE_LOOP_ANALYSIS = YES;
				CLANG_WARN_STRICT_PROTOTYPES = YES;
				CLANG_WARN_SUSPICIOUS_MOVE = YES;
				CLANG_WARN_UNGUARDED_AVAILABILITY = YES_AGGRESSIVE;
				CLANG_WARN_UNREACHABLE_CODE = YES;
				CLANG_WARN__DUPLICATE_METHOD_MATCH = YES;
				COPY_PHASE_STRIP = NO;
				DEBUG_INFORMATION_FORMAT = "dwarf-with-dsym";
				ENABLE_NS_ASSERTIONS = NO;
				ENABLE_STRICT_OBJC_MSGSEND = YES;
				ENABLE_USER_SCRIPT_SANDBOXING = YES;
				GCC_C_LANGUAGE_STANDARD = gnu17;
				GCC_NO_COMMON_BLOCKS = YES;
				GCC_WARN_64_TO_32_BIT_CONVERSION = YES;
				GCC_WARN_ABOUT_RETURN_TYPE = YES_ERROR;
				GCC_WARN_UNDECLARED_SELECTOR = YES;
				GCC_WARN_UNINITIALIZED_AUTOS = YES_AGGRESSIVE;
				GCC_WARN_UNUSED_FUNCTION = YES;
				GCC_WARN_UNUSED_VARIABLE = YES;
				IPHONEOS_DEPLOYMENT_TARGET = 17.5;
				LOCALIZATION_PREFERS_STRING_CATALOGS = YES;
				MTL_ENABLE_DEBUG_INFO = NO;
				MTL_FAST_MATH = YES;
				SDKROOT = iphoneos;
				SWIFT_COMPILATION_MODE = wholemodule;
				VALIDATE_PRODUCT = YES;
			};
			name = Release;
		};
		51EFD9902BFC4DFD00724766 /* Debug */ = {
			isa = XCBuildConfiguration;
			buildSettings = {
				ASSETCATALOG_COMPILER_APPICON_NAME = AppIcon;
				ASSETCATALOG_COMPILER_GLOBAL_ACCENT_COLOR_NAME = AccentColor;
				CODE_SIGN_STYLE = Automatic;
				CURRENT_PROJECT_VERSION = 1;
				DEVELOPMENT_TEAM = 5S43XF49P8;
				GENERATE_INFOPLIST_FILE = YES;
				INFOPLIST_FILE = "Online Exchange/Info.plist";
				INFOPLIST_KEY_UIApplicationSupportsIndirectInputEvents = YES;
				INFOPLIST_KEY_UILaunchStoryboardName = LaunchScreen;
				INFOPLIST_KEY_UIMainStoryboardFile = Main;
				INFOPLIST_KEY_UISupportedInterfaceOrientations_iPad = "UIInterfaceOrientationPortrait UIInterfaceOrientationPortraitUpsideDown UIInterfaceOrientationLandscapeLeft UIInterfaceOrientationLandscapeRight";
				INFOPLIST_KEY_UISupportedInterfaceOrientations_iPhone = "UIInterfaceOrientationPortrait UIInterfaceOrientationLandscapeLeft UIInterfaceOrientationLandscapeRight";
				LD_RUNPATH_SEARCH_PATHS = (
					"$(inherited)",
					"@executable_path/Frameworks",
				);
				MARKETING_VERSION = 1.0;
				PRODUCT_BUNDLE_IDENTIFIER = "edu.nwmissouri.summer24.cs44691sec02.Onlineexchange.Online-Exchange";
				PRODUCT_NAME = "$(TARGET_NAME)";
				SWIFT_EMIT_LOC_STRINGS = YES;
				SWIFT_VERSION = 5.0;
				TARGETED_DEVICE_FAMILY = "1,2";
			};
			name = Debug;
		};
		51EFD9912BFC4DFD00724766 /* Release */ = {
			isa = XCBuildConfiguration;
			buildSettings = {
				ASSETCATALOG_COMPILER_APPICON_NAME = AppIcon;
				ASSETCATALOG_COMPILER_GLOBAL_ACCENT_COLOR_NAME = AccentColor;
				CODE_SIGN_STYLE = Automatic;
				CURRENT_PROJECT_VERSION = 1;
				DEVELOPMENT_TEAM = 5S43XF49P8;
				GENERATE_INFOPLIST_FILE = YES;
				INFOPLIST_FILE = "Online Exchange/Info.plist";
				INFOPLIST_KEY_UIApplicationSupportsIndirectInputEvents = YES;
				INFOPLIST_KEY_UILaunchStoryboardName = LaunchScreen;
				INFOPLIST_KEY_UIMainStoryboardFile = Main;
				INFOPLIST_KEY_UISupportedInterfaceOrientations_iPad = "UIInterfaceOrientationPortrait UIInterfaceOrientationPortraitUpsideDown UIInterfaceOrientationLandscapeLeft UIInterfaceOrientationLandscapeRight";
				INFOPLIST_KEY_UISupportedInterfaceOrientations_iPhone = "UIInterfaceOrientationPortrait UIInterfaceOrientationLandscapeLeft UIInterfaceOrientationLandscapeRight";
				LD_RUNPATH_SEARCH_PATHS = (
					"$(inherited)",
					"@executable_path/Frameworks",
				);
				MARKETING_VERSION = 1.0;
				PRODUCT_BUNDLE_IDENTIFIER = "edu.nwmissouri.summer24.cs44691sec02.Onlineexchange.Online-Exchange";
				PRODUCT_NAME = "$(TARGET_NAME)";
				SWIFT_EMIT_LOC_STRINGS = YES;
				SWIFT_VERSION = 5.0;
				TARGETED_DEVICE_FAMILY = "1,2";
			};
			name = Release;
		};
		51EFD9932BFC4DFD00724766 /* Debug */ = {
			isa = XCBuildConfiguration;
			buildSettings = {
				ALWAYS_EMBED_SWIFT_STANDARD_LIBRARIES = YES;
				BUNDLE_LOADER = "$(TEST_HOST)";
				CODE_SIGN_STYLE = Automatic;
				CURRENT_PROJECT_VERSION = 1;
				GENERATE_INFOPLIST_FILE = YES;
				IPHONEOS_DEPLOYMENT_TARGET = 17.5;
				MARKETING_VERSION = 1.0;
				PRODUCT_BUNDLE_IDENTIFIER = "edu.nwmissouri.summer24.cs44691sec02.Onlineexchange.Online-ExchangeTests";
				PRODUCT_NAME = "$(TARGET_NAME)";
				SWIFT_EMIT_LOC_STRINGS = NO;
				SWIFT_VERSION = 5.0;
				TARGETED_DEVICE_FAMILY = "1,2";
				TEST_HOST = "$(BUILT_PRODUCTS_DIR)/Online Exchange.app/$(BUNDLE_EXECUTABLE_FOLDER_PATH)/Online Exchange";
			};
			name = Debug;
		};
		51EFD9942BFC4DFD00724766 /* Release */ = {
			isa = XCBuildConfiguration;
			buildSettings = {
				ALWAYS_EMBED_SWIFT_STANDARD_LIBRARIES = YES;
				BUNDLE_LOADER = "$(TEST_HOST)";
				CODE_SIGN_STYLE = Automatic;
				CURRENT_PROJECT_VERSION = 1;
				GENERATE_INFOPLIST_FILE = YES;
				IPHONEOS_DEPLOYMENT_TARGET = 17.5;
				MARKETING_VERSION = 1.0;
				PRODUCT_BUNDLE_IDENTIFIER = "edu.nwmissouri.summer24.cs44691sec02.Onlineexchange.Online-ExchangeTests";
				PRODUCT_NAME = "$(TARGET_NAME)";
				SWIFT_EMIT_LOC_STRINGS = NO;
				SWIFT_VERSION = 5.0;
				TARGETED_DEVICE_FAMILY = "1,2";
				TEST_HOST = "$(BUILT_PRODUCTS_DIR)/Online Exchange.app/$(BUNDLE_EXECUTABLE_FOLDER_PATH)/Online Exchange";
			};
			name = Release;
		};
		51EFD9962BFC4DFD00724766 /* Debug */ = {
			isa = XCBuildConfiguration;
			buildSettings = {
				ALWAYS_EMBED_SWIFT_STANDARD_LIBRARIES = YES;
				CODE_SIGN_STYLE = Automatic;
				CURRENT_PROJECT_VERSION = 1;
				GENERATE_INFOPLIST_FILE = YES;
				MARKETING_VERSION = 1.0;
				PRODUCT_BUNDLE_IDENTIFIER = "edu.nwmissouri.summer24.cs44691sec02.Onlineexchange.Online-ExchangeUITests";
				PRODUCT_NAME = "$(TARGET_NAME)";
				SWIFT_EMIT_LOC_STRINGS = NO;
				SWIFT_VERSION = 5.0;
				TARGETED_DEVICE_FAMILY = "1,2";
				TEST_TARGET_NAME = "Online Exchange";
			};
			name = Debug;
		};
		51EFD9972BFC4DFD00724766 /* Release */ = {
			isa = XCBuildConfiguration;
			buildSettings = {
				ALWAYS_EMBED_SWIFT_STANDARD_LIBRARIES = YES;
				CODE_SIGN_STYLE = Automatic;
				CURRENT_PROJECT_VERSION = 1;
				GENERATE_INFOPLIST_FILE = YES;
				MARKETING_VERSION = 1.0;
				PRODUCT_BUNDLE_IDENTIFIER = "edu.nwmissouri.summer24.cs44691sec02.Onlineexchange.Online-ExchangeUITests";
				PRODUCT_NAME = "$(TARGET_NAME)";
				SWIFT_EMIT_LOC_STRINGS = NO;
				SWIFT_VERSION = 5.0;
				TARGETED_DEVICE_FAMILY = "1,2";
				TEST_TARGET_NAME = "Online Exchange";
			};
			name = Release;
		};
/* End XCBuildConfiguration section */

/* Begin XCConfigurationList section */
		51EFD9602BFC4DFC00724766 /* Build configuration list for PBXProject "Online Exchange" */ = {
			isa = XCConfigurationList;
			buildConfigurations = (
				51EFD98D2BFC4DFD00724766 /* Debug */,
				51EFD98E2BFC4DFD00724766 /* Release */,
			);
			defaultConfigurationIsVisible = 0;
			defaultConfigurationName = Release;
		};
		51EFD98F2BFC4DFD00724766 /* Build configuration list for PBXNativeTarget "Online Exchange" */ = {
			isa = XCConfigurationList;
			buildConfigurations = (
				51EFD9902BFC4DFD00724766 /* Debug */,
				51EFD9912BFC4DFD00724766 /* Release */,
			);
			defaultConfigurationIsVisible = 0;
			defaultConfigurationName = Release;
		};
		51EFD9922BFC4DFD00724766 /* Build configuration list for PBXNativeTarget "Online ExchangeTests" */ = {
			isa = XCConfigurationList;
			buildConfigurations = (
				51EFD9932BFC4DFD00724766 /* Debug */,
				51EFD9942BFC4DFD00724766 /* Release */,
			);
			defaultConfigurationIsVisible = 0;
			defaultConfigurationName = Release;
		};
		51EFD9952BFC4DFD00724766 /* Build configuration list for PBXNativeTarget "Online ExchangeUITests" */ = {
			isa = XCConfigurationList;
			buildConfigurations = (
				51EFD9962BFC4DFD00724766 /* Debug */,
				51EFD9972BFC4DFD00724766 /* Release */,
			);
			defaultConfigurationIsVisible = 0;
			defaultConfigurationName = Release;
		};
/* End XCConfigurationList section */

/* Begin XCRemoteSwiftPackageReference section */
		51E7343E2BFC70CE000A4A8D /* XCRemoteSwiftPackageReference "lottie-ios" */ = {
			isa = XCRemoteSwiftPackageReference;
			repositoryURL = "https://github.com/airbnb/lottie-ios.git";
			requirement = {
				kind = upToNextMajorVersion;
				minimumVersion = 4.4.3;
			};
		};
		51E734412BFC7145000A4A8D /* XCRemoteSwiftPackageReference "firebase-ios-sdk" */ = {
			isa = XCRemoteSwiftPackageReference;
			repositoryURL = "https://github.com/firebase/firebase-ios-sdk.git";
			requirement = {
				kind = upToNextMajorVersion;
				minimumVersion = 10.26.0;
			};
		};
/* End XCRemoteSwiftPackageReference section */

/* Begin XCSwiftPackageProductDependency section */
		51E7343F2BFC70CE000A4A8D /* Lottie */ = {
			isa = XCSwiftPackageProductDependency;
			package = 51E7343E2BFC70CE000A4A8D /* XCRemoteSwiftPackageReference "lottie-ios" */;
			productName = Lottie;
		};
		51E734422BFC7145000A4A8D /* FirebaseAnalytics */ = {
			isa = XCSwiftPackageProductDependency;
			package = 51E734412BFC7145000A4A8D /* XCRemoteSwiftPackageReference "firebase-ios-sdk" */;
			productName = FirebaseAnalytics;
		};
		51E734442BFC7145000A4A8D /* FirebaseAnalyticsOnDeviceConversion */ = {
			isa = XCSwiftPackageProductDependency;
			package = 51E734412BFC7145000A4A8D /* XCRemoteSwiftPackageReference "firebase-ios-sdk" */;
			productName = FirebaseAnalyticsOnDeviceConversion;
		};
		51E734462BFC7145000A4A8D /* FirebaseAnalyticsSwift */ = {
			isa = XCSwiftPackageProductDependency;
			package = 51E734412BFC7145000A4A8D /* XCRemoteSwiftPackageReference "firebase-ios-sdk" */;
			productName = FirebaseAnalyticsSwift;
		};
		51E734482BFC7145000A4A8D /* FirebaseAnalyticsWithoutAdIdSupport */ = {
			isa = XCSwiftPackageProductDependency;
			package = 51E734412BFC7145000A4A8D /* XCRemoteSwiftPackageReference "firebase-ios-sdk" */;
			productName = FirebaseAnalyticsWithoutAdIdSupport;
		};
		51E7344A2BFC7145000A4A8D /* FirebaseAppCheck */ = {
			isa = XCSwiftPackageProductDependency;
			package = 51E734412BFC7145000A4A8D /* XCRemoteSwiftPackageReference "firebase-ios-sdk" */;
			productName = FirebaseAppCheck;
		};
		51E7344C2BFC7145000A4A8D /* FirebaseAppDistribution-Beta */ = {
			isa = XCSwiftPackageProductDependency;
			package = 51E734412BFC7145000A4A8D /* XCRemoteSwiftPackageReference "firebase-ios-sdk" */;
			productName = "FirebaseAppDistribution-Beta";
		};
		51E7344E2BFC7145000A4A8D /* FirebaseAuth */ = {
			isa = XCSwiftPackageProductDependency;
			package = 51E734412BFC7145000A4A8D /* XCRemoteSwiftPackageReference "firebase-ios-sdk" */;
			productName = FirebaseAuth;
		};
		51E734502BFC7145000A4A8D /* FirebaseAuthCombine-Community */ = {
			isa = XCSwiftPackageProductDependency;
			package = 51E734412BFC7145000A4A8D /* XCRemoteSwiftPackageReference "firebase-ios-sdk" */;
			productName = "FirebaseAuthCombine-Community";
		};
		51E734522BFC7145000A4A8D /* FirebaseCrashlytics */ = {
			isa = XCSwiftPackageProductDependency;
			package = 51E734412BFC7145000A4A8D /* XCRemoteSwiftPackageReference "firebase-ios-sdk" */;
			productName = FirebaseCrashlytics;
		};
		51E734542BFC7145000A4A8D /* FirebaseDatabase */ = {
			isa = XCSwiftPackageProductDependency;
			package = 51E734412BFC7145000A4A8D /* XCRemoteSwiftPackageReference "firebase-ios-sdk" */;
			productName = FirebaseDatabase;
		};
		51E734562BFC7145000A4A8D /* FirebaseDatabaseSwift */ = {
			isa = XCSwiftPackageProductDependency;
			package = 51E734412BFC7145000A4A8D /* XCRemoteSwiftPackageReference "firebase-ios-sdk" */;
			productName = FirebaseDatabaseSwift;
		};
		51E734582BFC7145000A4A8D /* FirebaseDynamicLinks */ = {
			isa = XCSwiftPackageProductDependency;
			package = 51E734412BFC7145000A4A8D /* XCRemoteSwiftPackageReference "firebase-ios-sdk" */;
			productName = FirebaseDynamicLinks;
		};
		51E7345A2BFC7145000A4A8D /* FirebaseFirestore */ = {
			isa = XCSwiftPackageProductDependency;
			package = 51E734412BFC7145000A4A8D /* XCRemoteSwiftPackageReference "firebase-ios-sdk" */;
			productName = FirebaseFirestore;
		};
		51E7345C2BFC7145000A4A8D /* FirebaseFirestoreCombine-Community */ = {
			isa = XCSwiftPackageProductDependency;
			package = 51E734412BFC7145000A4A8D /* XCRemoteSwiftPackageReference "firebase-ios-sdk" */;
			productName = "FirebaseFirestoreCombine-Community";
		};
		51E7345E2BFC7145000A4A8D /* FirebaseFirestoreSwift */ = {
			isa = XCSwiftPackageProductDependency;
			package = 51E734412BFC7145000A4A8D /* XCRemoteSwiftPackageReference "firebase-ios-sdk" */;
			productName = FirebaseFirestoreSwift;
		};
		51E734602BFC7145000A4A8D /* FirebaseFunctions */ = {
			isa = XCSwiftPackageProductDependency;
			package = 51E734412BFC7145000A4A8D /* XCRemoteSwiftPackageReference "firebase-ios-sdk" */;
			productName = FirebaseFunctions;
		};
		51E734622BFC7145000A4A8D /* FirebaseFunctionsCombine-Community */ = {
			isa = XCSwiftPackageProductDependency;
			package = 51E734412BFC7145000A4A8D /* XCRemoteSwiftPackageReference "firebase-ios-sdk" */;
			productName = "FirebaseFunctionsCombine-Community";
		};
		51E734642BFC7145000A4A8D /* FirebaseInAppMessaging-Beta */ = {
			isa = XCSwiftPackageProductDependency;
			package = 51E734412BFC7145000A4A8D /* XCRemoteSwiftPackageReference "firebase-ios-sdk" */;
			productName = "FirebaseInAppMessaging-Beta";
		};
		51E734662BFC7145000A4A8D /* FirebaseInAppMessagingSwift-Beta */ = {
			isa = XCSwiftPackageProductDependency;
			package = 51E734412BFC7145000A4A8D /* XCRemoteSwiftPackageReference "firebase-ios-sdk" */;
			productName = "FirebaseInAppMessagingSwift-Beta";
		};
		51E734682BFC7145000A4A8D /* FirebaseInstallations */ = {
			isa = XCSwiftPackageProductDependency;
			package = 51E734412BFC7145000A4A8D /* XCRemoteSwiftPackageReference "firebase-ios-sdk" */;
			productName = FirebaseInstallations;
		};
		51E7346A2BFC7145000A4A8D /* FirebaseMLModelDownloader */ = {
			isa = XCSwiftPackageProductDependency;
			package = 51E734412BFC7145000A4A8D /* XCRemoteSwiftPackageReference "firebase-ios-sdk" */;
			productName = FirebaseMLModelDownloader;
		};
		51E7346C2BFC7145000A4A8D /* FirebaseMessaging */ = {
			isa = XCSwiftPackageProductDependency;
			package = 51E734412BFC7145000A4A8D /* XCRemoteSwiftPackageReference "firebase-ios-sdk" */;
			productName = FirebaseMessaging;
		};
		51E7346E2BFC7145000A4A8D /* FirebasePerformance */ = {
			isa = XCSwiftPackageProductDependency;
			package = 51E734412BFC7145000A4A8D /* XCRemoteSwiftPackageReference "firebase-ios-sdk" */;
			productName = FirebasePerformance;
		};
		51E734702BFC7145000A4A8D /* FirebaseRemoteConfig */ = {
			isa = XCSwiftPackageProductDependency;
			package = 51E734412BFC7145000A4A8D /* XCRemoteSwiftPackageReference "firebase-ios-sdk" */;
			productName = FirebaseRemoteConfig;
		};
		51E734722BFC7145000A4A8D /* FirebaseRemoteConfigSwift */ = {
			isa = XCSwiftPackageProductDependency;
			package = 51E734412BFC7145000A4A8D /* XCRemoteSwiftPackageReference "firebase-ios-sdk" */;
			productName = FirebaseRemoteConfigSwift;
		};
		51E734742BFC7145000A4A8D /* FirebaseStorage */ = {
			isa = XCSwiftPackageProductDependency;
			package = 51E734412BFC7145000A4A8D /* XCRemoteSwiftPackageReference "firebase-ios-sdk" */;
			productName = FirebaseStorage;
		};
		51E734762BFC7145000A4A8D /* FirebaseStorageCombine-Community */ = {
			isa = XCSwiftPackageProductDependency;
			package = 51E734412BFC7145000A4A8D /* XCRemoteSwiftPackageReference "firebase-ios-sdk" */;
			productName = "FirebaseStorageCombine-Community";
		};
		51E734782BFC7145000A4A8D /* FirebaseVertexAI-Preview */ = {
			isa = XCSwiftPackageProductDependency;
			package = 51E734412BFC7145000A4A8D /* XCRemoteSwiftPackageReference "firebase-ios-sdk" */;
			productName = "FirebaseVertexAI-Preview";
		};
/* End XCSwiftPackageProductDependency section */
	};
	rootObject = 51EFD95D2BFC4DFC00724766 /* Project object */;
}
